
Microsoft Visual Studio Solution File, Format Version 12.00
# Visual Studio Version 16
VisualStudioVersion = 16.0.32106.194
MinimumVisualStudioVersion = 10.0.40219.1
Project("{FAE04EC0-301F-11D3-BF4B-00C04F79EFBC}") = "SmartRegistry.WebApi", "SmartRegistry.WebApi\SmartRegistry.WebApi.csproj", "{55E598DC-48C9-4B9F-A0C1-B2B14D8E8745}"
EndProject
Project("{2150E333-8FDC-42A3-9474-1A3956D46DE8}") = "Lib", "Lib", "{294FF4AF-61CF-4AC4-9489-BA7A67BE1487}"
	ProjectSection(SolutionItems) = preProject
		Lib\Orak.Utils.dll = Lib\Orak.Utils.dll
		Lib\Orak.Utils.pdb = Lib\Orak.Utils.pdb
		Lib\SmartRegistry.DataAccess.dll = Lib\SmartRegistry.DataAccess.dll
		Lib\SmartRegistry.DataAccess.dll.config = Lib\SmartRegistry.DataAccess.dll.config
		Lib\SmartRegistry.DataAccess.pdb = Lib\SmartRegistry.DataAccess.pdb
		Lib\SmartRegistry.Domain.dll = Lib\SmartRegistry.Domain.dll
		Lib\SmartRegistry.Domain.dll.config = Lib\SmartRegistry.Domain.dll.config
		Lib\SmartRegistry.Domain.pdb = Lib\SmartRegistry.Domain.pdb
	EndProjectSection
EndProject
Global
	GlobalSection(SolutionConfigurationPlatforms) = preSolution
		Debug|Any CPU = Debug|Any CPU
		Release|Any CPU = Release|Any CPU
	EndGlobalSection
	GlobalSection(ProjectConfigurationPlatforms) = postSolution
		{55E598DC-48C9-4B9F-A0C1-B2B14D8E8745}.Debug|Any CPU.ActiveCfg = Debug|Any CPU
		{55E598DC-48C9-4B9F-A0C1-B2B14D8E8745}.Debug|Any CPU.Build.0 = Debug|Any CPU
		{55E598DC-48C9-4B9F-A0C1-B2B14D8E8745}.Release|Any CPU.ActiveCfg = Release|Any CPU
		{55E598DC-48C9-4B9F-A0C1-B2B14D8E8745}.Release|Any CPU.Build.0 = Release|Any CPU
	EndGlobalSection
	GlobalSection(SolutionProperties) = preSolution
		HideSolutionNode = FALSE
	EndGlobalSection
	GlobalSection(ExtensibilityGlobals) = postSolution
		SolutionGuid = {5794281F-E179-46FC-AAB5-94F533508D88}
	EndGlobalSection
EndGlobal
